
Microsoft Visual Studio Solution File, Format Version 12.00
# Visual Studio 15
VisualStudioVersion = 15.0.28307.421
MinimumVisualStudioVersion = 10.0.40219.1
Project("{FAE04EC0-301F-11D3-BF4B-00C04F79EFBC}") = "Fundamentals", "Fundamentals\Fundamentals.csproj", "{ACC26275-F732-4703-963B-9F0AD9B6FCE7}"
EndProject
Global
	GlobalSection(SolutionConfigurationPlatforms) = preSolution
		Debug|Any CPU = Debug|Any CPU
		Release|Any CPU = Release|Any CPU
	EndGlobalSection
	GlobalSection(ProjectConfigurationPlatforms) = postSolution
		{ACC26275-F732-4703-963B-9F0AD9B6FCE7}.Debug|Any CPU.ActiveCfg = Debug|Any CPU
		{ACC26275-F732-4703-963B-9F0AD9B6FCE7}.Debug|Any CPU.Build.0 = Debug|Any CPU
		{ACC26275-F732-4703-963B-9F0AD9B6FCE7}.Release|Any CPU.ActiveCfg = Release|Any CPU
		{ACC26275-F732-4703-963B-9F0AD9B6FCE7}.Release|Any CPU.Build.0 = Release|Any CPU
	EndGlobalSection
	GlobalSection(SolutionProperties) = preSolution
		HideSolutionNode = FALSE
	EndGlobalSection
	GlobalSection(ExtensibilityGlobals) = postSolution
		SolutionGuid = {25DCBCE0-D4F5-431F-B6EB-BCA89ABD2277}
	EndGlobalSection
EndGlobal
